dependencies:
- name: namespace
  repository: file://../dependency_charts/namespace
  version: 0.1.0
- name: gateway
  repository: file://../dependency_charts/gateway
  version: 0.1.0
- name: dojima-wallet
  repository: file://../dependency_charts/dojima-wallet
  version: 0.0.1
- name: dojima-landing-page
  repository: file://../dependency_charts/dojima-landing-page
  version: 0.0.1
- name: internal-docs
  repository: file://../dependency_charts/internal-docs
  version: 0.0.2
digest: sha256:06cd16f8c20c4fc4defafa48852d7c7ebd04dd0710d77741eaa35ec66687f117
generated: "2022-06-29T22:47:05.744442+05:30"
